
Microsoft Visual Studio Solution File, Format Version 12.00
# Visual Studio Version 16
VisualStudioVersion = 16.0.28917.181
MinimumVisualStudioVersion = 10.0.40219.1
Project("{FAE04EC0-301F-11D3-BF4B-00C04F79EFBC}") = "IndexerPr", "IndexerPr\IndexerPr.csproj", "{BE02EB05-039F-4126-BF5B-45F61BA5B13D}"
EndProject
Global
	GlobalSection(SolutionConfigurationPlatforms) = preSolution
		Debug|Any CPU = Debug|Any CPU
		Release|Any CPU = Release|Any CPU
	EndGlobalSection
	GlobalSection(ProjectConfigurationPlatforms) = postSolution
		{BE02EB05-039F-4126-BF5B-45F61BA5B13D}.Debug|Any CPU.ActiveCfg = Debug|Any CPU
		{BE02EB05-039F-4126-BF5B-45F61BA5B13D}.Debug|Any CPU.Build.0 = Debug|Any CPU
		{BE02EB05-039F-4126-BF5B-45F61BA5B13D}.Release|Any CPU.ActiveCfg = Release|Any CPU
		{BE02EB05-039F-4126-BF5B-45F61BA5B13D}.Release|Any CPU.Build.0 = Release|Any CPU
	EndGlobalSection
	GlobalSection(SolutionProperties) = preSolution
		HideSolutionNode = FALSE
	EndGlobalSection
	GlobalSection(ExtensibilityGlobals) = postSolution
		SolutionGuid = {BF0EB716-47B6-4EC6-80B6-0D6E9CC077DD}
	EndGlobalSection
EndGlobal
